PODS:
  - ECSlidingViewController (2.0.3)
  - SDWebImage (3.7.1):
    - SDWebImage/Core (= 3.7.1)
  - SDWebImage/Core (3.7.1)
  - Stripe (3.1.0):
    - Stripe/Core (= 3.1.0)
  - Stripe/Core (3.1.0)
  - SVProgressHUD (HEAD based on 1.1.3)

DEPENDENCIES:
  - ECSlidingViewController (~> 2.0.3)
  - SDWebImage (~> 3.7)
  - Stripe
  - SVProgressHUD (HEAD)

SPEC CHECKSUMS:
  ECSlidingViewController: 6485c14f23b4487e9946535421ca8f111f86cc53
  SDWebImage: ed3095af2ff88b436426037444979b917f6c5575
  Stripe: 8a456332f4db97bd0b8457fc8cce1e1a69ac0cd1
  SVProgressHUD: 748080e4f36e603f6c02aec292664239df5279c1

COCOAPODS: 0.36.1
